
Microsoft Visual Studio Solution File, Format Version 12.00
# Visual Studio Version 17
VisualStudioVersion = 17.10.35013.160
MinimumVisualStudioVersion = 10.0.40219.1
Project("{FAE04EC0-301F-11D3-BF4B-00C04F79EFBC}") = "Practice", "Practice\Practice.csproj", "{E913E8D2-ED9F-417B-A273-C9DC5BF17B09}"
EndProject
Global
	GlobalSection(SolutionConfigurationPlatforms) = preSolution
		Debug|Any CPU = Debug|Any CPU
		Release|Any CPU = Release|Any CPU
	EndGlobalSection
	GlobalSection(ProjectConfigurationPlatforms) = postSolution
		{E913E8D2-ED9F-417B-A273-C9DC5BF17B09}.Debug|Any CPU.ActiveCfg = Debug|Any CPU
		{E913E8D2-ED9F-417B-A273-C9DC5BF17B09}.Debug|Any CPU.Build.0 = Debug|Any CPU
		{E913E8D2-ED9F-417B-A273-C9DC5BF17B09}.Release|Any CPU.ActiveCfg = Release|Any CPU
		{E913E8D2-ED9F-417B-A273-C9DC5BF17B09}.Release|Any CPU.Build.0 = Release|Any CPU
	EndGlobalSection
	GlobalSection(SolutionProperties) = preSolution
		HideSolutionNode = FALSE
	EndGlobalSection
	GlobalSection(ExtensibilityGlobals) = postSolution
		SolutionGuid = {0D5D10E9-D504-4BF7-A1EE-689A55E9AB27}
	EndGlobalSection
EndGlobal
